
Microsoft Visual Studio Solution File, Format Version 12.00
# Visual Studio Version 17
VisualStudioVersion = 17.14.36127.28
MinimumVisualStudioVersion = 10.0.40219.1
Project("{FAE04EC0-301F-11D3-BF4B-00C04F79EFBC}") = "SolutionTreeGen", "SolutionTreeGen\SolutionTreeGen.csproj", "{3D0CA518-F3EF-4E98-94E0-D1553A3D6366}"
EndProject
Global
	GlobalSection(SolutionConfigurationPlatforms) = preSolution
		Debug|Any CPU = Debug|Any CPU
		Release|Any CPU = Release|Any CPU
	EndGlobalSection
	GlobalSection(ProjectConfigurationPlatforms) = postSolution
		{3D0CA518-F3EF-4E98-94E0-D1553A3D6366}.Debug|Any CPU.ActiveCfg = Debug|Any CPU
		{3D0CA518-F3EF-4E98-94E0-D1553A3D6366}.Debug|Any CPU.Build.0 = Debug|Any CPU
		{3D0CA518-F3EF-4E98-94E0-D1553A3D6366}.Release|Any CPU.ActiveCfg = Release|Any CPU
		{3D0CA518-F3EF-4E98-94E0-D1553A3D6366}.Release|Any CPU.Build.0 = Release|Any CPU
	EndGlobalSection
	GlobalSection(SolutionProperties) = preSolution
		HideSolutionNode = FALSE
	EndGlobalSection
	GlobalSection(ExtensibilityGlobals) = postSolution
		SolutionGuid = {4CB48332-4373-440C-A1C9-522904B6BC0D}
	EndGlobalSection
EndGlobal
